
Microsoft Visual Studio Solution File, Format Version 12.00
# Visual Studio Version 17
VisualStudioVersion = 17.8.34330.188
MinimumVisualStudioVersion = 10.0.40219.1
Project("{888888A0-9F3D-457C-B088-3A5042F75D52}") = "CIS261 GuessingGame", "CIS261 GuessingGame.pyproj", "{C8227C65-202D-4314-8AF5-1E93E32680E5}"
EndProject
Global
	GlobalSection(SolutionConfigurationPlatforms) = preSolution
		Debug|Any CPU = Debug|Any CPU
		Release|Any CPU = Release|Any CPU
	EndGlobalSection
	GlobalSection(ProjectConfigurationPlatforms) = postSolution
		{C8227C65-202D-4314-8AF5-1E93E32680E5}.Debug|Any CPU.ActiveCfg = Debug|Any CPU
		{C8227C65-202D-4314-8AF5-1E93E32680E5}.Release|Any CPU.ActiveCfg = Release|Any CPU
	EndGlobalSection
	GlobalSection(SolutionProperties) = preSolution
		HideSolutionNode = FALSE
	EndGlobalSection
	GlobalSection(ExtensibilityGlobals) = postSolution
		SolutionGuid = {08CCF4D1-755F-4691-BB34-6D1882FF2098}
	EndGlobalSection
EndGlobal
